
Microsoft Visual Studio Solution File, Format Version 12.00
# Visual Studio Version 17
VisualStudioVersion = 17.11.35312.102
MinimumVisualStudioVersion = 10.0.40219.1
Project("{9A19103F-16F7-4668-BE54-9A1E7A4F7556}") = "ePicSearch", "ePicSearch\ePicSearch.csproj", "{F6A117BF-F6D2-48FA-A082-98F4BB74BBBE}"
EndProject
Project("{9A19103F-16F7-4668-BE54-9A1E7A4F7556}") = "ePicSearch.Tests", "ePicSearchTests\ePicSearch.Tests.csproj", "{3AE1E887-2E96-4E7E-A59B-20C25116E275}"
EndProject
Project("{9A19103F-16F7-4668-BE54-9A1E7A4F7556}") = "ePicSearch.Infrastructure", "ePicSearch.Core\ePicSearch.Infrastructure.csproj", "{4D8715E7-A6EF-4218-8426-3AA4C71E7130}"
EndProject
Global
	GlobalSection(SolutionConfigurationPlatforms) = preSolution
		Debug|Any CPU = Debug|Any CPU
		Release|Any CPU = Release|Any CPU
	EndGlobalSection
	GlobalSection(ProjectConfigurationPlatforms) = postSolution
		{F6A117BF-F6D2-48FA-A082-98F4BB74BBBE}.Debug|Any CPU.ActiveCfg = Debug|Any CPU
		{F6A117BF-F6D2-48FA-A082-98F4BB74BBBE}.Debug|Any CPU.Build.0 = Debug|Any CPU
		{F6A117BF-F6D2-48FA-A082-98F4BB74BBBE}.Debug|Any CPU.Deploy.0 = Debug|Any CPU
		{F6A117BF-F6D2-48FA-A082-98F4BB74BBBE}.Release|Any CPU.ActiveCfg = Release|Any CPU
		{F6A117BF-F6D2-48FA-A082-98F4BB74BBBE}.Release|Any CPU.Build.0 = Release|Any CPU
		{F6A117BF-F6D2-48FA-A082-98F4BB74BBBE}.Release|Any CPU.Deploy.0 = Release|Any CPU
		{3AE1E887-2E96-4E7E-A59B-20C25116E275}.Debug|Any CPU.ActiveCfg = Debug|Any CPU
		{3AE1E887-2E96-4E7E-A59B-20C25116E275}.Debug|Any CPU.Build.0 = Debug|Any CPU
		{3AE1E887-2E96-4E7E-A59B-20C25116E275}.Release|Any CPU.ActiveCfg = Release|Any CPU
		{3AE1E887-2E96-4E7E-A59B-20C25116E275}.Release|Any CPU.Build.0 = Release|Any CPU
		{4D8715E7-A6EF-4218-8426-3AA4C71E7130}.Debug|Any CPU.ActiveCfg = Debug|Any CPU
		{4D8715E7-A6EF-4218-8426-3AA4C71E7130}.Debug|Any CPU.Build.0 = Debug|Any CPU
		{4D8715E7-A6EF-4218-8426-3AA4C71E7130}.Release|Any CPU.ActiveCfg = Release|Any CPU
		{4D8715E7-A6EF-4218-8426-3AA4C71E7130}.Release|Any CPU.Build.0 = Release|Any CPU
	EndGlobalSection
	GlobalSection(SolutionProperties) = preSolution
		HideSolutionNode = FALSE
	EndGlobalSection
	GlobalSection(ExtensibilityGlobals) = postSolution
		SolutionGuid = {CB78D9CE-9E52-49DE-849B-5E62CBA6CB4F}
	EndGlobalSection
EndGlobal
